
Microsoft Visual Studio Solution File, Format Version 12.00
# Visual Studio 15
VisualStudioVersion = 15.0.28010.2036
MinimumVisualStudioVersion = 10.0.40219.1
Project("{8BC9CEB8-8B4A-11D0-8D11-00A0C91BC942}") = "Lab1", "Lab1\Lab1.vcxproj", "{D91081C8-7F2A-422C-B470-CFEDC20AF4AE}"
EndProject
Global
	GlobalSection(SolutionConfigurationPlatforms) = preSolution
		Debug|x64 = Debug|x64
		Debug|x86 = Debug|x86
		Release|x64 = Release|x64
		Release|x86 = Release|x86
	EndGlobalSection
	GlobalSection(ProjectConfigurationPlatforms) = postSolution
		{D91081C8-7F2A-422C-B470-CFEDC20AF4AE}.Debug|x64.ActiveCfg = Debug|x64
		{D91081C8-7F2A-422C-B470-CFEDC20AF4AE}.Debug|x64.Build.0 = Debug|x64
		{D91081C8-7F2A-422C-B470-CFEDC20AF4AE}.Debug|x86.ActiveCfg = Debug|Win32
		{D91081C8-7F2A-422C-B470-CFEDC20AF4AE}.Debug|x86.Build.0 = Debug|Win32
		{D91081C8-7F2A-422C-B470-CFEDC20AF4AE}.Release|x64.ActiveCfg = Release|x64
		{D91081C8-7F2A-422C-B470-CFEDC20AF4AE}.Release|x64.Build.0 = Release|x64
		{D91081C8-7F2A-422C-B470-CFEDC20AF4AE}.Release|x86.ActiveCfg = Release|Win32
		{D91081C8-7F2A-422C-B470-CFEDC20AF4AE}.Release|x86.Build.0 = Release|Win32
	EndGlobalSection
	GlobalSection(SolutionProperties) = preSolution
		HideSolutionNode = FALSE
	EndGlobalSection
	GlobalSection(ExtensibilityGlobals) = postSolution
		SolutionGuid = {C44F8BC2-FE36-4A5E-A1D3-EA4935A53E2C}
	EndGlobalSection
EndGlobal
